
Microsoft Visual Studio Solution File, Format Version 12.00
# Visual Studio 14
VisualStudioVersion = 14.0.25420.1
MinimumVisualStudioVersion = 10.0.40219.1
Project("{FAE04EC0-301F-11D3-BF4B-00C04F79EFBC}") = "chatroomtry", "chatroomtry\chatroomtry.csproj", "{B2D790F6-2514-4B3D-AE9A-5809232E367F}"
EndProject
Project("{FAE04EC0-301F-11D3-BF4B-00C04F79EFBC}") = "chatroom_client", "chatroom_client\chatroom_client.csproj", "{2F91283C-B689-47AA-94C1-0DDD9F18246D}"
EndProject
Global
	GlobalSection(SolutionConfigurationPlatforms) = preSolution
		Debug|Any CPU = Debug|Any CPU
		Release|Any CPU = Release|Any CPU
	EndGlobalSection
	GlobalSection(ProjectConfigurationPlatforms) = postSolution
		{B2D790F6-2514-4B3D-AE9A-5809232E367F}.Debug|Any CPU.ActiveCfg = Debug|Any CPU
		{B2D790F6-2514-4B3D-AE9A-5809232E367F}.Debug|Any CPU.Build.0 = Debug|Any CPU
		{B2D790F6-2514-4B3D-AE9A-5809232E367F}.Release|Any CPU.ActiveCfg = Release|Any CPU
		{B2D790F6-2514-4B3D-AE9A-5809232E367F}.Release|Any CPU.Build.0 = Release|Any CPU
		{2F91283C-B689-47AA-94C1-0DDD9F18246D}.Debug|Any CPU.ActiveCfg = Debug|Any CPU
		{2F91283C-B689-47AA-94C1-0DDD9F18246D}.Debug|Any CPU.Build.0 = Debug|Any CPU
		{2F91283C-B689-47AA-94C1-0DDD9F18246D}.Release|Any CPU.ActiveCfg = Release|Any CPU
		{2F91283C-B689-47AA-94C1-0DDD9F18246D}.Release|Any CPU.Build.0 = Release|Any CPU
	EndGlobalSection
	GlobalSection(SolutionProperties) = preSolution
		HideSolutionNode = FALSE
	EndGlobalSection
EndGlobal
